<?xml version="1.0" encoding="utf-8"?>
<Project ToolsVersion="4.0" xmlns="http://schemas.microsoft.com/developer/msbuild/2003">
  <ItemGroup>
    <Filter Include="Source Files">
      <UniqueIdentifier>{4FC737F1-C7A5-4376-A066-2A32D752A2FF}</UniqueIdentifier>
      <Extensions>cpp;c;cc;cxx;def;odl;idl;hpj;bat;asm;asmx</Extensions>
    </Filter>
    <Filter Include="Header Files">
      <UniqueIdentifier>{93995380-89BD-4b04-88EB-625FBE52EBFB}</UniqueIdentifier>
      <Extensions>h;hpp;hxx;hm;inl;inc;xsd</Extensions>
    </Filter>
    <Filter Include="Resource Files">
      <UniqueIdentifier>{67DA6AB6-F800-4c08-8B7A-83BB121AAD01}</UniqueIdentifier>
      <Extensions>rc;ico;cur;bmp;dlg;rc2;rct;bin;rgs;gif;jpg;jpeg;jpe;resx;tiff;tif;png;wav;mfcribbon-ms</Extensions>
    </Filter>
    <Filter Include="Source Files\AmxSDK">
      <UniqueIdentifier>{5d0ce0a8-cdfc-4253-9262-26a74a215114}</UniqueIdentifier>
    </Filter>
    <Filter Include="Header Files\AmxSDK">
      <UniqueIdentifier>{0d099924-e490-45ef-b0ac-4ff65012a075}</UniqueIdentifier>
    </Filter>
  </ItemGroup>
  <ItemGroup>
    <ClCompile Include="Main.cpp">
      <Filter>Source Files</Filter>
    </ClCompile>
    <ClCompile Include="MyHandles.cpp">
      <Filter>Source Files</Filter>
    </ClCompile>
    <ClCompile Include="Players.cpp">
      <Filter>Source Files</Filter>
    </ClCompile>
    <ClCompile Include="PluginCmds.cpp">
      <Filter>Source Files</Filter>
    </ClCompile>
    <ClCompile Include="PluginFuncs.cpp">
      <Filter>Source Files</Filter>
    </ClCompile>
    <ClCompile Include="Support.cpp">
      <Filter>Source Files</Filter>
    </ClCompile>
    <ClCompile Include="Admins.cpp">
      <Filter>Source Files</Filter>
    </ClCompile>
    <ClCompile Include="amxxmodule.cpp">
      <Filter>Source Files\AmxSDK</Filter>
    </ClCompile>
  </ItemGroup>
  <ItemGroup>
    <ClInclude Include="Admins.h">
      <Filter>Header Files</Filter>
    </ClInclude>
    <ClInclude Include="MyHandles.h">
      <Filter>Header Files</Filter>
    </ClInclude>
    <ClInclude Include="Players.h">
      <Filter>Header Files</Filter>
    </ClInclude>
    <ClInclude Include="PluginCmds.h">
      <Filter>Header Files</Filter>
    </ClInclude>
    <ClInclude Include="PluginFuncs.h">
      <Filter>Header Files</Filter>
    </ClInclude>
    <ClInclude Include="Support.h">
      <Filter>Header Files</Filter>
    </ClInclude>
    <ClInclude Include="amxxmodule.h">
      <Filter>Header Files\AmxSDK</Filter>
    </ClInclude>
    <ClInclude Include="moduleconfig.h">
      <Filter>Header Files\AmxSDK</Filter>
    </ClInclude>
  </ItemGroup>
  <ItemGroup>
    <Text Include="howto.txt">
      <Filter>Header Files\AmxSDK</Filter>
    </Text>
  </ItemGroup>
</Project>